
Microsoft Visual Studio Solution File, Format Version 12.00
# Visual Studio Version 16
VisualStudioVersion = 16.0.29001.49
MinimumVisualStudioVersion = 10.0.40219.1
Project("{FAE04EC0-301F-11D3-BF4B-00C04F79EFBC}") = "Constructores", "Constructores\Constructores.csproj", "{35CA25C4-CC6B-452D-A613-6319B5E530C3}"
EndProject
Global
	GlobalSection(SolutionConfigurationPlatforms) = preSolution
		Debug|Any CPU = Debug|Any CPU
		Release|Any CPU = Release|Any CPU
	EndGlobalSection
	GlobalSection(ProjectConfigurationPlatforms) = postSolution
		{35CA25C4-CC6B-452D-A613-6319B5E530C3}.Debug|Any CPU.ActiveCfg = Debug|Any CPU
		{35CA25C4-CC6B-452D-A613-6319B5E530C3}.Debug|Any CPU.Build.0 = Debug|Any CPU
		{35CA25C4-CC6B-452D-A613-6319B5E530C3}.Release|Any CPU.ActiveCfg = Release|Any CPU
		{35CA25C4-CC6B-452D-A613-6319B5E530C3}.Release|Any CPU.Build.0 = Release|Any CPU
	EndGlobalSection
	GlobalSection(SolutionProperties) = preSolution
		HideSolutionNode = FALSE
	EndGlobalSection
	GlobalSection(ExtensibilityGlobals) = postSolution
		SolutionGuid = {279CC0C0-31F4-4BCB-9AE9-EF3C3F443CBF}
	EndGlobalSection
EndGlobal
